
Microsoft Visual Studio Solution File, Format Version 12.00
# Visual Studio Version 17
VisualStudioVersion = 17.5.33530.505
MinimumVisualStudioVersion = 10.0.40219.1
Project("{FAE04EC0-301F-11D3-BF4B-00C04F79EFBC}") = "Minecraft Modded Server Updater", "Minecraft Modded Server Updater\Minecraft Modded Server Updater.csproj", "{F4C65C44-255B-4BA5-9CD4-5841D1EB075C}"
EndProject
Global
	GlobalSection(SolutionConfigurationPlatforms) = preSolution
		Debug|Any CPU = Debug|Any CPU
		Release|Any CPU = Release|Any CPU
	EndGlobalSection
	GlobalSection(ProjectConfigurationPlatforms) = postSolution
		{F4C65C44-255B-4BA5-9CD4-5841D1EB075C}.Debug|Any CPU.ActiveCfg = Debug|Any CPU
		{F4C65C44-255B-4BA5-9CD4-5841D1EB075C}.Debug|Any CPU.Build.0 = Debug|Any CPU
		{F4C65C44-255B-4BA5-9CD4-5841D1EB075C}.Release|Any CPU.ActiveCfg = Release|Any CPU
		{F4C65C44-255B-4BA5-9CD4-5841D1EB075C}.Release|Any CPU.Build.0 = Release|Any CPU
	EndGlobalSection
	GlobalSection(SolutionProperties) = preSolution
		HideSolutionNode = FALSE
	EndGlobalSection
	GlobalSection(ExtensibilityGlobals) = postSolution
		SolutionGuid = {69AE28FF-F866-4973-BDA1-71FBE2E06903}
	EndGlobalSection
EndGlobal
